# Generated by pub
# See https://dart.dev/tools/pub/glossary#lockfile
packages:
  _flutterfire_internals:
    dependency: transitive
    description:
      name: _flutterfire_internals
      sha256: "37a42d06068e2fe3deddb2da079a8c4d105f241225ba27b7122b37e9865fd8f7"
      url: "https://pub.dev"
    source: hosted
    version: "1.3.35"
  another_flushbar:
    dependency: "direct main"
    description:
      name: another_flushbar
      sha256: "19bf9520230ec40b300aaf9dd2a8fefcb277b25ecd1c4838f530566965befc2a"
      url: "https://pub.dev"
    source: hosted
    version: "1.12.30"
  ansicolor:
    dependency: transitive
    description:
      name: ansicolor
      sha256: "50e982d500bc863e1d703448afdbf9e5a72eb48840a4f766fa361ffd6877055f"
      url: "https://pub.dev"
    source: hosted
    version: "2.0.3"
  archive:
    dependency: transitive
    description:
      name: archive
      sha256: "6199c74e3db4fbfbd04f66d739e72fe11c8a8957d5f219f1f4482dbde6420b5a"
      url: "https://pub.dev"
    source: hosted
    version: "4.0.2"
  args:
    dependency: transitive
    description:
      name: args
      sha256: bf9f5caeea8d8fe6721a9c358dd8a5c1947b27f1cfaa18b39c301273594919e6
      url: "https://pub.dev"
    source: hosted
    version: "2.6.0"
  async:
    dependency: transitive
    description:
      name: async
      sha256: "947bfcf187f74dbc5e146c9eb9c0f10c9f8b30743e341481c1e2ed3ecc18c20c"
      url: "https://pub.dev"
    source: hosted
    version: "2.11.0"
  avatar_glow:
    dependency: "direct main"
    description:
      name: avatar_glow
      sha256: "3627f6f97d1f10d3c1996ae108d3488eabaf68c0cf0c3eac7e7c746a3812881d"
      url: "https://pub.dev"
    source: hosted
    version: "2.0.2"
  bloc:
    dependency: "direct main"
    description:
      name: bloc
      sha256: "106842ad6569f0b60297619e9e0b1885c2fb9bf84812935490e6c5275777804e"
      url: "https://pub.dev"
    source: hosted
    version: "8.1.4"
  boolean_selector:
    dependency: transitive
    description:
      name: boolean_selector
      sha256: "6cfb5af12253eaf2b368f07bacc5a80d1301a071c73360d746b7f2e32d762c66"
      url: "https://pub.dev"
    source: hosted
    version: "2.1.1"
  cached_network_image:
    dependency: "direct main"
    description:
      name: cached_network_image
      sha256: "28ea9690a8207179c319965c13cd8df184d5ee721ae2ce60f398ced1219cea1f"
      url: "https://pub.dev"
    source: hosted
    version: "3.3.1"
  cached_network_image_platform_interface:
    dependency: transitive
    description:
      name: cached_network_image_platform_interface
      sha256: "9e90e78ae72caa874a323d78fa6301b3fb8fa7ea76a8f96dc5b5bf79f283bf2f"
      url: "https://pub.dev"
    source: hosted
    version: "4.0.0"
  cached_network_image_web:
    dependency: transitive
    description:
      name: cached_network_image_web
      sha256: "205d6a9f1862de34b93184f22b9d2d94586b2f05c581d546695e3d8f6a805cd7"
      url: "https://pub.dev"
    source: hosted
    version: "1.2.0"
  characters:
    dependency: transitive
    description:
      name: characters
      sha256: "04a925763edad70e8443c99234dc3328f442e811f1d8fd1a72f1c8ad0f69a605"
      url: "https://pub.dev"
    source: hosted
    version: "1.3.0"
  checked_yaml:
    dependency: transitive
    description:
      name: checked_yaml
      sha256: feb6bed21949061731a7a75fc5d2aa727cf160b91af9a3e464c5e3a32e28b5ff
      url: "https://pub.dev"
    source: hosted
    version: "2.0.3"
  cli_util:
    dependency: transitive
    description:
      name: cli_util
      sha256: ff6785f7e9e3c38ac98b2fb035701789de90154024a75b6cb926445e83197d1c
      url: "https://pub.dev"
    source: hosted
    version: "0.4.2"
  clock:
    dependency: transitive
    description:
      name: clock
      sha256: cb6d7f03e1de671e34607e909a7213e31d7752be4fb66a86d29fe1eb14bfb5cf
      url: "https://pub.dev"
    source: hosted
    version: "1.1.1"
  cloud_firestore:
    dependency: "direct main"
    description:
      name: cloud_firestore
      sha256: a0f161b92610e078b4962d7e6ebeb66dc9cce0ada3514aeee442f68165d78185
      url: "https://pub.dev"
    source: hosted
    version: "4.17.5"
  cloud_firestore_platform_interface:
    dependency: transitive
    description:
      name: cloud_firestore_platform_interface
      sha256: "6a55b319f8d33c307396b9104512e8130a61904528ab7bd8b5402678fca54b81"
      url: "https://pub.dev"
    source: hosted
    version: "6.2.5"
  cloud_firestore_web:
    dependency: transitive
    description:
      name: cloud_firestore_web
      sha256: "89dfa1304d3da48b3039abbb2865e3d30896ef858e569a16804a99f4362283a9"
      url: "https://pub.dev"
    source: hosted
    version: "3.12.5"
  collection:
    dependency: transitive
    description:
      name: collection
      sha256: ee67cb0715911d28db6bf4af1026078bd6f0128b07a5f66fb2ed94ec6783c09a
      url: "https://pub.dev"
    source: hosted
    version: "1.18.0"
  cross_file:
    dependency: transitive
    description:
      name: cross_file
      sha256: "7caf6a750a0c04effbb52a676dce9a4a592e10ad35c34d6d2d0e4811160d5670"
      url: "https://pub.dev"
    source: hosted
    version: "0.3.4+2"
  crypto:
    dependency: transitive
    description:
      name: crypto
      sha256: "1e445881f28f22d6140f181e07737b22f1e099a5e1ff94b0af2f9e4a463f4855"
      url: "https://pub.dev"
    source: hosted
    version: "3.0.6"
  csslib:
    dependency: transitive
    description:
      name: csslib
      sha256: "09bad715f418841f976c77db72d5398dc1253c21fb9c0c7f0b0b985860b2d58e"
      url: "https://pub.dev"
    source: hosted
    version: "1.0.2"
  cupertino_icons:
    dependency: "direct main"
    description:
      name: cupertino_icons
      sha256: ba631d1c7f7bef6b729a622b7b752645a2d076dba9976925b8f25725a30e1ee6
      url: "https://pub.dev"
    source: hosted
    version: "1.0.8"
  dart_earcut:
    dependency: transitive
    description:
      name: dart_earcut
      sha256: e485001bfc05dcbc437d7bfb666316182e3522d4c3f9668048e004d0eb2ce43b
      url: "https://pub.dev"
    source: hosted
    version: "1.2.0"
  dart_emoji:
    dependency: "direct main"
    description:
      name: dart_emoji
      sha256: "88d5e37174751aeabaecdbf153fdca46eb9fa12d6b626d6c70447058d444724e"
      url: "https://pub.dev"
    source: hosted
    version: "0.2.0+2"
  dartz:
    dependency: "direct main"
    description:
      name: dartz
      sha256: e6acf34ad2e31b1eb00948692468c30ab48ac8250e0f0df661e29f12dd252168
      url: "https://pub.dev"
    source: hosted
    version: "0.10.1"
  dash_chat_2:
    dependency: "direct main"
    description:
      name: dash_chat_2
      sha256: "9de2deb3eec21f788bf761861aae54ac1d6cd23ab607606b848ba1fd2116c31d"
      url: "https://pub.dev"
    source: hosted
    version: "0.0.20"
  day_night_themed_switch:
    dependency: "direct main"
    description:
      name: day_night_themed_switch
      sha256: c81cb689dd4d589622d4a60007de86c6c5c7a8c4d872922f9ef37b1b0b9ef18d
      url: "https://pub.dev"
    source: hosted
    version: "1.0.0"
  dbus:
    dependency: transitive
    description:
      name: dbus
      sha256: "365c771ac3b0e58845f39ec6deebc76e3276aa9922b0cc60840712094d9047ac"
      url: "https://pub.dev"
    source: hosted
    version: "0.7.10"
  dio:
    dependency: "direct main"
    description:
      name: dio
      sha256: "5598aa796bbf4699afd5c67c0f5f6e2ed542afc956884b9cd58c306966efc260"
      url: "https://pub.dev"
    source: hosted
    version: "5.7.0"
  dio_web_adapter:
    dependency: transitive
    description:
      name: dio_web_adapter
      sha256: "33259a9276d6cea88774a0000cfae0d861003497755969c92faa223108620dc8"
      url: "https://pub.dev"
    source: hosted
    version: "2.0.0"
  fake_async:
    dependency: transitive
    description:
      name: fake_async
      sha256: "511392330127add0b769b75a987850d136345d9227c6b94c96a04cf4a391bf78"
      url: "https://pub.dev"
    source: hosted
    version: "1.3.1"
  ffi:
    dependency: transitive
    description:
      name: ffi
      sha256: "16ed7b077ef01ad6170a3d0c57caa4a112a38d7a2ed5602e0aca9ca6f3d98da6"
      url: "https://pub.dev"
    source: hosted
    version: "2.1.3"
  file:
    dependency: transitive
    description:
      name: file
      sha256: a3b4f84adafef897088c160faf7dfffb7696046cb13ae90b508c2cbc95d3b8d4
      url: "https://pub.dev"
    source: hosted
    version: "7.0.1"
  firebase_analytics:
    dependency: "direct main"
    description:
      name: firebase_analytics
      sha256: dbf1e7ab22cfb1f4a4adb103b46a26276b4edc593d4a78ef6fb942bafc92e035
      url: "https://pub.dev"
    source: hosted
    version: "10.10.7"
  firebase_analytics_platform_interface:
    dependency: transitive
    description:
      name: firebase_analytics_platform_interface
      sha256: "3729b74f8cf1d974a27ba70332ecb55ff5ff560edc8164a6469f4a055b429c37"
      url: "https://pub.dev"
    source: hosted
    version: "3.10.8"
  firebase_analytics_web:
    dependency: transitive
    description:
      name: firebase_analytics_web
      sha256: "019cd7eee74254d33fbd2e29229367ce33063516bf6b3258a341d89e3b0f1655"
      url: "https://pub.dev"
    source: hosted
    version: "0.5.7+7"
  firebase_auth:
    dependency: "direct main"
    description:
      name: firebase_auth
      sha256: "279b2773ff61afd9763202cb5582e2b995ee57419d826b9af6517302a59b672f"
      url: "https://pub.dev"
    source: hosted
    version: "4.16.0"
  firebase_auth_platform_interface:
    dependency: transitive
    description:
      name: firebase_auth_platform_interface
      sha256: a0270e1db3b2098a14cb2a2342b3cd2e7e458e0c391b1f64f6f78b14296ec093
      url: "https://pub.dev"
    source: hosted
    version: "7.3.0"
  firebase_auth_web:
    dependency: transitive
    description:
      name: firebase_auth_web
      sha256: c7b1379ccef7abf4b6816eede67a868c44142198e42350f51c01d8fc03f95a7d
      url: "https://pub.dev"
    source: hosted
    version: "5.8.13"
  firebase_core:
    dependency: "direct main"
    description:
      name: firebase_core
      sha256: "26de145bb9688a90962faec6f838247377b0b0d32cc0abecd9a4e43525fc856c"
      url: "https://pub.dev"
    source: hosted
    version: "2.32.0"
  firebase_core_platform_interface:
    dependency: transitive
    description:
      name: firebase_core_platform_interface
      sha256: d7253d255ff10f85cfd2adaba9ac17bae878fa3ba577462451163bd9f1d1f0bf
      url: "https://pub.dev"
    source: hosted
    version: "5.4.0"
  firebase_core_web:
    dependency: transitive
    description:
      name: firebase_core_web
      sha256: fbc008cf390d909b823763064b63afefe9f02d8afdb13eb3f485b871afee956b
      url: "https://pub.dev"
    source: hosted
    version: "2.19.0"
  firebase_crashlytics:
    dependency: "direct main"
    description:
      name: firebase_crashlytics
      sha256: "9897c01efaa950d2f6da8317d12452749a74dc45f33b46390a14cfe28067f271"
      url: "https://pub.dev"
    source: hosted
    version: "3.5.7"
  firebase_crashlytics_platform_interface:
    dependency: transitive
    description:
      name: firebase_crashlytics_platform_interface
      sha256: "16a71e08fbf6e00382816e1b13397898c29a54fa0ad969c2c2a3b82a704877f0"
      url: "https://pub.dev"
    source: hosted
    version: "3.6.35"
  firebase_remote_config:
    dependency: "direct main"
    description:
      name: firebase_remote_config
      sha256: "653bd94b68e2c4e89eca10db90576101f1024151f39f2d4e7c64ae6a90a5f9c5"
      url: "https://pub.dev"
    source: hosted
    version: "4.4.7"
  firebase_remote_config_platform_interface:
    dependency: transitive
    description:
      name: firebase_remote_config_platform_interface
      sha256: "24a2c445b15de3af7e4582ebceb2aa9a1e3731d0202cb3e7a1e03012440fa07d"
      url: "https://pub.dev"
    source: hosted
    version: "1.4.35"
  firebase_remote_config_web:
    dependency: transitive
    description:
      name: firebase_remote_config_web
      sha256: "525aa3000fd27cd023841c802010a06515e564aab2f147aa964b35f54abbf449"
      url: "https://pub.dev"
    source: hosted
    version: "1.6.7"
  flat_buffers:
    dependency: transitive
    description:
      name: flat_buffers
      sha256: "380bdcba5664a718bfd4ea20a45d39e13684f5318fcd8883066a55e21f37f4c3"
      url: "https://pub.dev"
    source: hosted
    version: "23.5.26"
  flutter:
    dependency: "direct main"
    description: flutter
    source: sdk
    version: "0.0.0"
  flutter_bloc:
    dependency: "direct main"
    description:
      name: flutter_bloc
      sha256: b594505eac31a0518bdcb4b5b79573b8d9117b193cc80cc12e17d639b10aa27a
      url: "https://pub.dev"
    source: hosted
    version: "8.1.6"
  flutter_cache_manager:
    dependency: transitive
    description:
      name: flutter_cache_manager
      sha256: "8207f27539deb83732fdda03e259349046a39a4c767269285f449ade355d54ba"
      url: "https://pub.dev"
    source: hosted
    version: "3.3.1"
  flutter_image_compress:
    dependency: "direct main"
    description:
      name: flutter_image_compress
      sha256: "51d23be39efc2185e72e290042a0da41aed70b14ef97db362a6b5368d0523b27"
      url: "https://pub.dev"
    source: hosted
    version: "2.4.0"
  flutter_image_compress_common:
    dependency: transitive
    description:
      name: flutter_image_compress_common
      sha256: "7f79bc6c8a363063620b4e372fa86bc691e1cb28e58048cd38e030692fbd99ee"
      url: "https://pub.dev"
    source: hosted
    version: "1.0.5"
  flutter_image_compress_macos:
    dependency: transitive
    description:
      name: flutter_image_compress_macos
      sha256: "20019719b71b743aba0ef874ed29c50747461e5e8438980dfa5c2031898f7337"
      url: "https://pub.dev"
    source: hosted
    version: "1.0.3"
  flutter_image_compress_ohos:
    dependency: transitive
    description:
      name: flutter_image_compress_ohos
      sha256: e76b92bbc830ee08f5b05962fc78a532011fcd2041f620b5400a593e96da3f51
      url: "https://pub.dev"
    source: hosted
    version: "0.0.3"
  flutter_image_compress_platform_interface:
    dependency: transitive
    description:
      name: flutter_image_compress_platform_interface
      sha256: "579cb3947fd4309103afe6442a01ca01e1e6f93dc53bb4cbd090e8ce34a41889"
      url: "https://pub.dev"
    source: hosted
    version: "1.0.5"
  flutter_image_compress_web:
    dependency: transitive
    description:
      name: flutter_image_compress_web
      sha256: b9b141ac7c686a2ce7bb9a98176321e1182c9074650e47bb140741a44b6f5a96
      url: "https://pub.dev"
    source: hosted
    version: "0.1.5"
  flutter_launcher_icons:
    dependency: "direct dev"
    description:
      name: flutter_launcher_icons
      sha256: "526faf84284b86a4cb36d20a5e45147747b7563d921373d4ee0559c54fcdbcea"
      url: "https://pub.dev"
    source: hosted
    version: "0.13.1"
  flutter_local_notifications:
    dependency: "direct main"
    description:
      name: flutter_local_notifications
      sha256: "401643a6ea9d8451365f2ec11145335bf130560cfde367bdf8f0be6d60f89479"
      url: "https://pub.dev"
    source: hosted
    version: "15.1.3"
  flutter_local_notifications_linux:
    dependency: transitive
    description:
      name: flutter_local_notifications_linux
      sha256: c49bd06165cad9beeb79090b18cd1eb0296f4bf4b23b84426e37dd7c027fc3af
      url: "https://pub.dev"
    source: hosted
    version: "4.0.1"
  flutter_local_notifications_platform_interface:
    dependency: transitive
    description:
      name: flutter_local_notifications_platform_interface
      sha256: "85f8d07fe708c1bdcf45037f2c0109753b26ae077e9d9e899d55971711a4ea66"
      url: "https://pub.dev"
    source: hosted
    version: "7.2.0"
  flutter_map:
    dependency: "direct main"
    description:
      name: flutter_map
      sha256: "87cc8349b8fa5dccda5af50018c7374b6645334a0d680931c1fe11bce88fa5bb"
      url: "https://pub.dev"
    source: hosted
    version: "6.2.1"
  flutter_map_tile_caching:
    dependency: "direct main"
    description:
      name: flutter_map_tile_caching
      sha256: "24412e067317ba6f03d8568c024b400ac37bfe364719033f8048d7bca86b80d3"
      url: "https://pub.dev"
    source: hosted
    version: "9.0.1"
  flutter_markdown:
    dependency: transitive
    description:
      name: flutter_markdown
      sha256: "04c4722cc36ec5af38acc38ece70d22d3c2123c61305d555750a091517bbe504"
      url: "https://pub.dev"
    source: hosted
    version: "0.6.23"
  flutter_native_splash:
    dependency: "direct main"
    description:
      name: flutter_native_splash
      sha256: "7062602e0dbd29141fb8eb19220b5871ca650be5197ab9c1f193a28b17537bc7"
      url: "https://pub.dev"
    source: hosted
    version: "2.4.4"
  flutter_parsed_text:
    dependency: transitive
    description:
      name: flutter_parsed_text
      sha256: "529cf5793b7acdf16ee0f97b158d0d4ba0bf06e7121ef180abe1a5b59e32c1e2"
      url: "https://pub.dev"
    source: hosted
    version: "2.2.1"
  flutter_screenutil:
    dependency: "direct main"
    description:
      name: flutter_screenutil
      sha256: "8239210dd68bee6b0577aa4a090890342d04a136ce1c81f98ee513fc0ce891de"
      url: "https://pub.dev"
    source: hosted
    version: "5.9.3"
  flutter_secure_storage:
    dependency: "direct main"
    description:
      name: flutter_secure_storage
      sha256: "9cad52d75ebc511adfae3d447d5d13da15a55a92c9410e50f67335b6d21d16ea"
      url: "https://pub.dev"
    source: hosted
    version: "9.2.4"
  flutter_secure_storage_linux:
    dependency: transitive
    description:
      name: flutter_secure_storage_linux
      sha256: bf7404619d7ab5c0a1151d7c4e802edad8f33535abfbeff2f9e1fe1274e2d705
      url: "https://pub.dev"
    source: hosted
    version: "1.2.2"
  flutter_secure_storage_macos:
    dependency: transitive
    description:
      name: flutter_secure_storage_macos
      sha256: "6c0a2795a2d1de26ae202a0d78527d163f4acbb11cde4c75c670f3a0fc064247"
      url: "https://pub.dev"
    source: hosted
    version: "3.1.3"
  flutter_secure_storage_platform_interface:
    dependency: transitive
    description:
      name: flutter_secure_storage_platform_interface
      sha256: cf91ad32ce5adef6fba4d736a542baca9daf3beac4db2d04be350b87f69ac4a8
      url: "https://pub.dev"
    source: hosted
    version: "1.1.2"
  flutter_secure_storage_web:
    dependency: transitive
    description:
      name: flutter_secure_storage_web
      sha256: f4ebff989b4f07b2656fb16b47852c0aab9fed9b4ec1c70103368337bc1886a9
      url: "https://pub.dev"
    source: hosted
    version: "1.2.1"
  flutter_secure_storage_windows:
    dependency: transitive
    description:
      name: flutter_secure_storage_windows
      sha256: b20b07cb5ed4ed74fc567b78a72936203f587eba460af1df11281c9326cd3709
      url: "https://pub.dev"
    source: hosted
    version: "3.1.2"
  flutter_spinkit:
    dependency: "direct main"
    description:
      name: flutter_spinkit
      sha256: d2696eed13732831414595b98863260e33e8882fc069ee80ec35d4ac9ddb0472
      url: "https://pub.dev"
    source: hosted
    version: "5.2.1"
  flutter_svg:
    dependency: "direct main"
    description:
      name: flutter_svg
      sha256: c200fd79c918a40c5cd50ea0877fa13f81bdaf6f0a5d3dbcc2a13e3285d6aa1b
      url: "https://pub.dev"
    source: hosted
    version: "2.0.17"
  flutter_test:
    dependency: "direct dev"
    description: flutter
    source: sdk
    version: "0.0.0"
  flutter_web_plugins:
    dependency: transitive
    description: flutter
    source: sdk
    version: "0.0.0"
  gdpr_dialog:
    dependency: "direct main"
    description:
      name: gdpr_dialog
      sha256: "2ab1f5276684fe5342301cc80d5e394b2b2e3b73f533ff039455354598d8c292"
      url: "https://pub.dev"
    source: hosted
    version: "2.1.1"
  geocoding:
    dependency: "direct main"
    description:
      name: geocoding
      sha256: d580c801cba9386b4fac5047c4c785a4e19554f46be42f4f5e5b7deacd088a66
      url: "https://pub.dev"
    source: hosted
    version: "3.0.0"
  geocoding_android:
    dependency: transitive
    description:
      name: geocoding_android
      sha256: "1b13eca79b11c497c434678fed109c2be020b158cec7512c848c102bc7232603"
      url: "https://pub.dev"
    source: hosted
    version: "3.3.1"
  geocoding_ios:
    dependency: transitive
    description:
      name: geocoding_ios
      sha256: "94ddba60387501bd1c11e18dca7c5a9e8c645d6e3da9c38b9762434941870c24"
      url: "https://pub.dev"
    source: hosted
    version: "3.0.1"
  geocoding_platform_interface:
    dependency: transitive
    description:
      name: geocoding_platform_interface
      sha256: "8c2c8226e5c276594c2e18bfe88b19110ed770aeb7c1ab50ede570be8b92229b"
      url: "https://pub.dev"
    source: hosted
    version: "3.2.0"
  get_it:
    dependency: "direct main"
    description:
      name: get_it
      sha256: d85128a5dae4ea777324730dc65edd9c9f43155c109d5cc0a69cab74139fbac1
      url: "https://pub.dev"
    source: hosted
    version: "7.7.0"
  google_identity_services_web:
    dependency: transitive
    description:
      name: google_identity_services_web
      sha256: "55580f436822d64c8ff9a77e37d61f5fb1e6c7ec9d632a43ee324e2a05c3c6c9"
      url: "https://pub.dev"
    source: hosted
    version: "0.3.3"
  google_mobile_ads:
    dependency: "direct main"
    description:
      name: google_mobile_ads
      sha256: "7b8915f0ad358f49ba7d547b5187204cfe72ca668fb83aa303f96a2eacdc4033"
      url: "https://pub.dev"
    source: hosted
    version: "3.1.0"
  google_sign_in:
    dependency: "direct main"
    description:
      name: google_sign_in
      sha256: fad6ddc80c427b0bba705f2116204ce1173e09cf299f85e053d57a55e5b2dd56
      url: "https://pub.dev"
    source: hosted
    version: "6.2.2"
  google_sign_in_android:
    dependency: transitive
    description:
      name: google_sign_in_android
      sha256: "3b96f9b6cf61915f73cbe1218a192623e296a9b8b31965702503649477761e36"
      url: "https://pub.dev"
    source: hosted
    version: "6.1.34"
  google_sign_in_ios:
    dependency: transitive
    description:
      name: google_sign_in_ios
      sha256: "83f015169102df1ab2905cf8abd8934e28f87db9ace7a5fa676998842fed228a"
      url: "https://pub.dev"
    source: hosted
    version: "5.7.8"
  google_sign_in_platform_interface:
    dependency: transitive
    description:
      name: google_sign_in_platform_interface
      sha256: "1f6e5787d7a120cc0359ddf315c92309069171306242e181c09472d1b00a2971"
      url: "https://pub.dev"
    source: hosted
    version: "2.4.5"
  google_sign_in_web:
    dependency: transitive
    description:
      name: google_sign_in_web
      sha256: ada595df6c30cead48e66b1f3a050edf0c5cf2ba60c185d69690e08adcc6281b
      url: "https://pub.dev"
    source: hosted
    version: "0.12.4+3"
  html:
    dependency: transitive
    description:
      name: html
      sha256: "1fc58edeaec4307368c60d59b7e15b9d658b57d7f3125098b6294153c75337ec"
      url: "https://pub.dev"
    source: hosted
    version: "0.15.5"
  http:
    dependency: transitive
    description:
      name: http
      sha256: b9c29a161230ee03d3ccf545097fccd9b87a5264228c5d348202e0f0c28f9010
      url: "https://pub.dev"
    source: hosted
    version: "1.2.2"
  http_parser:
    dependency: transitive
    description:
      name: http_parser
      sha256: "2aa08ce0341cc9b354a498388e30986515406668dbcc4f7c950c3e715496693b"
      url: "https://pub.dev"
    source: hosted
    version: "4.0.2"
  image:
    dependency: transitive
    description:
      name: image
      sha256: "8346ad4b5173924b5ddddab782fc7d8a6300178c8b1dc427775405a01701c4a6"
      url: "https://pub.dev"
    source: hosted
    version: "4.5.2"
  internet_connection_checker:
    dependency: "direct main"
    description:
      name: internet_connection_checker
      sha256: "1c683e63e89c9ac66a40748b1b20889fd9804980da732bf2b58d6d5456c8e876"
      url: "https://pub.dev"
    source: hosted
    version: "1.0.0+1"
  intl:
    dependency: "direct main"
    description:
      name: intl
      sha256: "3bc132a9dbce73a7e4a21a17d06e1878839ffbf975568bc875c60537824b0c4d"
      url: "https://pub.dev"
    source: hosted
    version: "0.18.1"
  js:
    dependency: transitive
    description:
      name: js
      sha256: f2c445dce49627136094980615a031419f7f3eb393237e4ecd97ac15dea343f3
      url: "https://pub.dev"
    source: hosted
    version: "0.6.7"
  json_annotation:
    dependency: transitive
    description:
      name: json_annotation
      sha256: "1ce844379ca14835a50d2f019a3099f419082cfdd231cd86a142af94dd5c6bb1"
      url: "https://pub.dev"
    source: hosted
    version: "4.9.0"
  latlong2:
    dependency: transitive
    description:
      name: latlong2
      sha256: "98227922caf49e6056f91b6c56945ea1c7b166f28ffcd5fb8e72fc0b453cc8fe"
      url: "https://pub.dev"
    source: hosted
    version: "0.9.1"
  leak_tracker:
    dependency: transitive
    description:
      name: leak_tracker
      sha256: "3f87a60e8c63aecc975dda1ceedbc8f24de75f09e4856ea27daf8958f2f0ce05"
      url: "https://pub.dev"
    source: hosted
    version: "10.0.5"
  leak_tracker_flutter_testing:
    dependency: transitive
    description:
      name: leak_tracker_flutter_testing
      sha256: "932549fb305594d82d7183ecd9fa93463e9914e1b67cacc34bc40906594a1806"
      url: "https://pub.dev"
    source: hosted
    version: "3.0.5"
  leak_tracker_testing:
    dependency: transitive
    description:
      name: leak_tracker_testing
      sha256: "6ba465d5d76e67ddf503e1161d1f4a6bc42306f9d66ca1e8f079a47290fb06d3"
      url: "https://pub.dev"
    source: hosted
    version: "3.0.1"
  lists:
    dependency: transitive
    description:
      name: lists
      sha256: "4ca5c19ae4350de036a7e996cdd1ee39c93ac0a2b840f4915459b7d0a7d4ab27"
      url: "https://pub.dev"
    source: hosted
    version: "1.0.1"
  loading_animation_widget:
    dependency: "direct main"
    description:
      name: loading_animation_widget
      sha256: "9fe23381f3096e902f39e87e487648ff7f74925e86234353fa885bb9f6c98004"
      url: "https://pub.dev"
    source: hosted
    version: "1.3.0"
  location:
    dependency: "direct main"
    description:
      name: location
      sha256: "06be54f682c9073cbfec3899eb9bc8ed90faa0e17735c9d9fa7fe426f5be1dd1"
      url: "https://pub.dev"
    source: hosted
    version: "5.0.3"
  location_platform_interface:
    dependency: transitive
    description:
      name: location_platform_interface
      sha256: "8aa1d34eeecc979d7c9fe372931d84f6d2ebbd52226a54fe1620de6fdc0753b1"
      url: "https://pub.dev"
    source: hosted
    version: "3.1.2"
  location_web:
    dependency: transitive
    description:
      name: location_web
      sha256: ec484c66e8a4ff1ee5d044c203f4b6b71e3a0556a97b739a5bc9616de672412b
      url: "https://pub.dev"
    source: hosted
    version: "4.2.0"
  logger:
    dependency: transitive
    description:
      name: logger
      sha256: be4b23575aac7ebf01f225a241eb7f6b5641eeaf43c6a8613510fc2f8cf187d1
      url: "https://pub.dev"
    source: hosted
    version: "2.5.0"
  markdown:
    dependency: transitive
    description:
      name: markdown
      sha256: ef2a1298144e3f985cc736b22e0ccdaf188b5b3970648f2d9dc13efd1d9df051
      url: "https://pub.dev"
    source: hosted
    version: "7.2.2"
  matcher:
    dependency: transitive
    description:
      name: matcher
      sha256: d2323aa2060500f906aa31a895b4030b6da3ebdcc5619d14ce1aada65cd161cb
      url: "https://pub.dev"
    source: hosted
    version: "0.12.16+1"
  material_color_utilities:
    dependency: transitive
    description:
      name: material_color_utilities
      sha256: f7142bb1154231d7ea5f96bc7bde4bda2a0945d2806bb11670e30b850d56bdec
      url: "https://pub.dev"
    source: hosted
    version: "0.11.1"
  meta:
    dependency: transitive
    description:
      name: meta
      sha256: bdb68674043280c3428e9ec998512fb681678676b3c54e773629ffe74419f8c7
      url: "https://pub.dev"
    source: hosted
    version: "1.15.0"
  mgrs_dart:
    dependency: transitive
    description:
      name: mgrs_dart
      sha256: fb89ae62f05fa0bb90f70c31fc870bcbcfd516c843fb554452ab3396f78586f7
      url: "https://pub.dev"
    source: hosted
    version: "2.0.0"
  mixpanel_flutter:
    dependency: "direct main"
    description:
      name: mixpanel_flutter
      sha256: c1e35c54d8cfc1c50d35d2e8cc11416295efc45bb6dcaa88aec8f82219274833
      url: "https://pub.dev"
    source: hosted
    version: "2.3.3"
  nested:
    dependency: transitive
    description:
      name: nested
      sha256: "03bac4c528c64c95c722ec99280375a6f2fc708eec17c7b3f07253b626cd2a20"
      url: "https://pub.dev"
    source: hosted
    version: "1.0.0"
  objectbox:
    dependency: transitive
    description:
      name: objectbox
      sha256: "9fb2810156e8f78d82ecf672c36a1aba2c1de16d7903675335e00e374bdc3ba8"
      url: "https://pub.dev"
    source: hosted
    version: "2.5.1"
  objectbox_flutter_libs:
    dependency: transitive
    description:
      name: objectbox_flutter_libs
      sha256: dca86b2d1074110573b69cbd9afb6b67ab9d2c824704c6ac5187e546418baf9c
      url: "https://pub.dev"
    source: hosted
    version: "2.5.1"
  octo_image:
    dependency: transitive
    description:
      name: octo_image
      sha256: "34faa6639a78c7e3cbe79be6f9f96535867e879748ade7d17c9b1ae7536293bd"
      url: "https://pub.dev"
    source: hosted
    version: "2.1.0"
  path:
    dependency: transitive
    description:
      name: path
      sha256: "087ce49c3f0dc39180befefc60fdb4acd8f8620e5682fe2476afd0b3688bb4af"
      url: "https://pub.dev"
    source: hosted
    version: "1.9.0"
  path_parsing:
    dependency: transitive
    description:
      name: path_parsing
      sha256: "883402936929eac138ee0a45da5b0f2c80f89913e6dc3bf77eb65b84b409c6ca"
      url: "https://pub.dev"
    source: hosted
    version: "1.1.0"
  path_provider:
    dependency: transitive
    description:
      name: path_provider
      sha256: "50c5dd5b6e1aaf6fb3a78b33f6aa3afca52bf903a8a5298f53101fdaee55bbcd"
      url: "https://pub.dev"
    source: hosted
    version: "2.1.5"
  path_provider_android:
    dependency: transitive
    description:
      name: path_provider_android
      sha256: "4adf4fd5423ec60a29506c76581bc05854c55e3a0b72d35bb28d661c9686edf2"
      url: "https://pub.dev"
    source: hosted
    version: "2.2.15"
  path_provider_foundation:
    dependency: transitive
    description:
      name: path_provider_foundation
      sha256: "4843174df4d288f5e29185bd6e72a6fbdf5a4a4602717eed565497429f179942"
      url: "https://pub.dev"
    source: hosted
    version: "2.4.1"
  path_provider_linux:
    dependency: transitive
    description:
      name: path_provider_linux
      sha256: f7a1fe3a634fe7734c8d3f2766ad746ae2a2884abe22e241a8b301bf5cac3279
      url: "https://pub.dev"
    source: hosted
    version: "2.2.1"
  path_provider_platform_interface:
    dependency: transitive
    description:
      name: path_provider_platform_interface
      sha256: "88f5779f72ba699763fa3a3b06aa4bf6de76c8e5de842cf6f29e2e06476c2334"
      url: "https://pub.dev"
    source: hosted
    version: "2.1.2"
  path_provider_windows:
    dependency: transitive
    description:
      name: path_provider_windows
      sha256: bd6f00dbd873bfb70d0761682da2b3a2c2fccc2b9e84c495821639601d81afe7
      url: "https://pub.dev"
    source: hosted
    version: "2.3.0"
  percent_indicator:
    dependency: "direct main"
    description:
      name: percent_indicator
      sha256: "0d77d5c6fa9b7f60202cedf748b568ba9ba38d3f30405d6ceae4da76f5185462"
      url: "https://pub.dev"
    source: hosted
    version: "4.2.4"
  petitparser:
    dependency: transitive
    description:
      name: petitparser
      sha256: c15605cd28af66339f8eb6fbe0e541bfe2d1b72d5825efc6598f3e0a31b9ad27
      url: "https://pub.dev"
    source: hosted
    version: "6.0.2"
  platform:
    dependency: transitive
    description:
      name: platform
      sha256: "5d6b1b0036a5f331ebc77c850ebc8506cbc1e9416c27e59b439f917a902a4984"
      url: "https://pub.dev"
    source: hosted
    version: "3.1.6"
  plugin_platform_interface:
    dependency: transitive
    description:
      name: plugin_platform_interface
      sha256: "4820fbfdb9478b1ebae27888254d445073732dae3d6ea81f0b7e06d5dedc3f02"
      url: "https://pub.dev"
    source: hosted
    version: "2.1.8"
  polylabel:
    dependency: transitive
    description:
      name: polylabel
      sha256: "41b9099afb2aa6c1730bdd8a0fab1400d287694ec7615dd8516935fa3144214b"
      url: "https://pub.dev"
    source: hosted
    version: "1.0.1"
  popup:
    dependency: "direct main"
    description:
      name: popup
      sha256: ffff2985b5c66bd7d6c9162c593df01ad8e896860e4b3a0a71644405fcd8d373
      url: "https://pub.dev"
    source: hosted
    version: "0.0.1"
  posix:
    dependency: transitive
    description:
      name: posix
      sha256: a0117dc2167805aa9125b82eee515cc891819bac2f538c83646d355b16f58b9a
      url: "https://pub.dev"
    source: hosted
    version: "6.0.1"
  pretty_dio_logger:
    dependency: "direct main"
    description:
      name: pretty_dio_logger
      sha256: "36f2101299786d567869493e2f5731de61ce130faa14679473b26905a92b6407"
      url: "https://pub.dev"
    source: hosted
    version: "1.4.0"
  proj4dart:
    dependency: transitive
    description:
      name: proj4dart
      sha256: c8a659ac9b6864aa47c171e78d41bbe6f5e1d7bd790a5814249e6b68bc44324e
      url: "https://pub.dev"
    source: hosted
    version: "2.1.0"
  provider:
    dependency: transitive
    description:
      name: provider
      sha256: c8a055ee5ce3fd98d6fc872478b03823ffdb448699c6ebdbbc71d59b596fd48c
      url: "https://pub.dev"
    source: hosted
    version: "6.1.2"
  rxdart:
    dependency: transitive
    description:
      name: rxdart
      sha256: "0c7c0cedd93788d996e33041ffecda924cc54389199cde4e6a34b440f50044cb"
      url: "https://pub.dev"
    source: hosted
    version: "0.27.7"
  shared_preferences:
    dependency: "direct main"
    description:
      name: shared_preferences
      sha256: a752ce92ea7540fc35a0d19722816e04d0e72828a4200e83a98cf1a1eb524c9a
      url: "https://pub.dev"
    source: hosted
    version: "2.3.5"
  shared_preferences_android:
    dependency: transitive
    description:
      name: shared_preferences_android
      sha256: "02a7d8a9ef346c9af715811b01fbd8e27845ad2c41148eefd31321471b41863d"
      url: "https://pub.dev"
    source: hosted
    version: "2.4.0"
  shared_preferences_foundation:
    dependency: transitive
    description:
      name: shared_preferences_foundation
      sha256: "6a52cfcdaeac77cad8c97b539ff688ccfc458c007b4db12be584fbe5c0e49e03"
      url: "https://pub.dev"
    source: hosted
    version: "2.5.4"
  shared_preferences_linux:
    dependency: transitive
    description:
      name: shared_preferences_linux
      sha256: "580abfd40f415611503cae30adf626e6656dfb2f0cee8f465ece7b6defb40f2f"
      url: "https://pub.dev"
    source: hosted
    version: "2.4.1"
  shared_preferences_platform_interface:
    dependency: transitive
    description:
      name: shared_preferences_platform_interface
      sha256: "57cbf196c486bc2cf1f02b85784932c6094376284b3ad5779d1b1c6c6a816b80"
      url: "https://pub.dev"
    source: hosted
    version: "2.4.1"
  shared_preferences_web:
    dependency: transitive
    description:
      name: shared_preferences_web
      sha256: d2ca4132d3946fec2184261726b355836a82c33d7d5b67af32692aff18a4684e
      url: "https://pub.dev"
    source: hosted
    version: "2.4.2"
  shared_preferences_windows:
    dependency: transitive
    description:
      name: shared_preferences_windows
      sha256: "94ef0f72b2d71bc3e700e025db3710911bd51a71cefb65cc609dd0d9a982e3c1"
      url: "https://pub.dev"
    source: hosted
    version: "2.4.1"
  simple_tags:
    dependency: "direct main"
    description:
      name: simple_tags
      sha256: "7d037a93982223081fb98286ea17078d22f08a7f21b2b7757919fd63265bc598"
      url: "https://pub.dev"
    source: hosted
    version: "0.0.6"
  sky_engine:
    dependency: transitive
    description: flutter
    source: sdk
    version: "0.0.99"
  source_span:
    dependency: transitive
    description:
      name: source_span
      sha256: "53e943d4206a5e30df338fd4c6e7a077e02254531b138a15aec3bd143c1a8b3c"
      url: "https://pub.dev"
    source: hosted
    version: "1.10.0"
  sqflite:
    dependency: transitive
    description:
      name: sqflite
      sha256: "2d7299468485dca85efeeadf5d38986909c5eb0cd71fd3db2c2f000e6c9454bb"
      url: "https://pub.dev"
    source: hosted
    version: "2.4.1"
  sqflite_android:
    dependency: transitive
    description:
      name: sqflite_android
      sha256: "78f489aab276260cdd26676d2169446c7ecd3484bbd5fead4ca14f3ed4dd9ee3"
      url: "https://pub.dev"
    source: hosted
    version: "2.4.0"
  sqflite_common:
    dependency: transitive
    description:
      name: sqflite_common
      sha256: "761b9740ecbd4d3e66b8916d784e581861fd3c3553eda85e167bc49fdb68f709"
      url: "https://pub.dev"
    source: hosted
    version: "2.5.4+6"
  sqflite_darwin:
    dependency: transitive
    description:
      name: sqflite_darwin
      sha256: "22adfd9a2c7d634041e96d6241e6e1c8138ca6817018afc5d443fef91dcefa9c"
      url: "https://pub.dev"
    source: hosted
    version: "2.4.1+1"
  sqflite_platform_interface:
    dependency: transitive
    description:
      name: sqflite_platform_interface
      sha256: "8dd4515c7bdcae0a785b0062859336de775e8c65db81ae33dd5445f35be61920"
      url: "https://pub.dev"
    source: hosted
    version: "2.4.0"
  stack_trace:
    dependency: transitive
    description:
      name: stack_trace
      sha256: "73713990125a6d93122541237550ee3352a2d84baad52d375a4cad2eb9b7ce0b"
      url: "https://pub.dev"
    source: hosted
    version: "1.11.1"
  stream_channel:
    dependency: transitive
    description:
      name: stream_channel
      sha256: ba2aa5d8cc609d96bbb2899c28934f9e1af5cddbd60a827822ea467161eb54e7
      url: "https://pub.dev"
    source: hosted
    version: "2.1.2"
  string_scanner:
    dependency: transitive
    description:
      name: string_scanner
      sha256: "556692adab6cfa87322a115640c11f13cb77b3f076ddcc5d6ae3c20242bedcde"
      url: "https://pub.dev"
    source: hosted
    version: "1.2.0"
  synchronized:
    dependency: transitive
    description:
      name: synchronized
      sha256: "69fe30f3a8b04a0be0c15ae6490fc859a78ef4c43ae2dd5e8a623d45bfcf9225"
      url: "https://pub.dev"
    source: hosted
    version: "3.3.0+3"
  term_glyph:
    dependency: transitive
    description:
      name: term_glyph
      sha256: a29248a84fbb7c79282b40b8c72a1209db169a2e0542bce341da992fe1bc7e84
      url: "https://pub.dev"
    source: hosted
    version: "1.2.1"
  test_api:
    dependency: transitive
    description:
      name: test_api
      sha256: "5b8a98dafc4d5c4c9c72d8b31ab2b23fc13422348d2997120294d3bac86b4ddb"
      url: "https://pub.dev"
    source: hosted
    version: "0.7.2"
  timezone:
    dependency: transitive
    description:
      name: timezone
      sha256: "2236ec079a174ce07434e89fcd3fcda430025eb7692244139a9cf54fdcf1fc7d"
      url: "https://pub.dev"
    source: hosted
    version: "0.9.4"
  typed_data:
    dependency: transitive
    description:
      name: typed_data
      sha256: f9049c039ebfeb4cf7a7104a675823cd72dba8297f264b6637062516699fa006
      url: "https://pub.dev"
    source: hosted
    version: "1.4.0"
  unicode:
    dependency: transitive
    description:
      name: unicode
      sha256: "0f69e46593d65245774d4f17125c6084d2c20b4e473a983f6e21b7d7762218f1"
      url: "https://pub.dev"
    source: hosted
    version: "0.3.1"
  universal_io:
    dependency: transitive
    description:
      name: universal_io
      sha256: "1722b2dcc462b4b2f3ee7d188dad008b6eb4c40bbd03a3de451d82c78bba9aad"
      url: "https://pub.dev"
    source: hosted
    version: "2.2.2"
  url_launcher:
    dependency: "direct main"
    description:
      name: url_launcher
      sha256: "9d06212b1362abc2f0f0d78e6f09f726608c74e3b9462e8368bb03314aa8d603"
      url: "https://pub.dev"
    source: hosted
    version: "6.3.1"
  url_launcher_android:
    dependency: transitive
    description:
      name: url_launcher_android
      sha256: "6fc2f56536ee873eeb867ad176ae15f304ccccc357848b351f6f0d8d4a40d193"
      url: "https://pub.dev"
    source: hosted
    version: "6.3.14"
  url_launcher_ios:
    dependency: transitive
    description:
      name: url_launcher_ios
      sha256: "16a513b6c12bb419304e72ea0ae2ab4fed569920d1c7cb850263fe3acc824626"
      url: "https://pub.dev"
    source: hosted
    version: "6.3.2"
  url_launcher_linux:
    dependency: transitive
    description:
      name: url_launcher_linux
      sha256: "4e9ba368772369e3e08f231d2301b4ef72b9ff87c31192ef471b380ef29a4935"
      url: "https://pub.dev"
    source: hosted
    version: "3.2.1"
  url_launcher_macos:
    dependency: transitive
    description:
      name: url_launcher_macos
      sha256: "17ba2000b847f334f16626a574c702b196723af2a289e7a93ffcb79acff855c2"
      url: "https://pub.dev"
    source: hosted
    version: "3.2.2"
  url_launcher_platform_interface:
    dependency: transitive
    description:
      name: url_launcher_platform_interface
      sha256: "552f8a1e663569be95a8190206a38187b531910283c3e982193e4f2733f01029"
      url: "https://pub.dev"
    source: hosted
    version: "2.3.2"
  url_launcher_web:
    dependency: transitive
    description:
      name: url_launcher_web
      sha256: "772638d3b34c779ede05ba3d38af34657a05ac55b06279ea6edd409e323dca8e"
      url: "https://pub.dev"
    source: hosted
    version: "2.3.3"
  url_launcher_windows:
    dependency: transitive
    description:
      name: url_launcher_windows
      sha256: "3284b6d2ac454cf34f114e1d3319866fdd1e19cdc329999057e44ffe936cfa77"
      url: "https://pub.dev"
    source: hosted
    version: "3.1.4"
  uuid:
    dependency: "direct main"
    description:
      name: uuid
      sha256: "648e103079f7c64a36dc7d39369cabb358d377078a051d6ae2ad3aa539519313"
      url: "https://pub.dev"
    source: hosted
    version: "3.0.7"
  vector_graphics:
    dependency: transitive
    description:
      name: vector_graphics
      sha256: "27d5fefe86fb9aace4a9f8375b56b3c292b64d8c04510df230f849850d912cb7"
      url: "https://pub.dev"
    source: hosted
    version: "1.1.15"
  vector_graphics_codec:
    dependency: transitive
    description:
      name: vector_graphics_codec
      sha256: "99fd9fbd34d9f9a32efd7b6a6aae14125d8237b10403b422a6a6dfeac2806146"
      url: "https://pub.dev"
    source: hosted
    version: "1.1.13"
  vector_graphics_compiler:
    dependency: transitive
    description:
      name: vector_graphics_compiler
      sha256: "1b4b9e706a10294258727674a340ae0d6e64a7231980f9f9a3d12e4b42407aad"
      url: "https://pub.dev"
    source: hosted
    version: "1.1.16"
  vector_math:
    dependency: transitive
    description:
      name: vector_math
      sha256: "80b3257d1492ce4d091729e3a67a60407d227c27241d6927be0130c98e741803"
      url: "https://pub.dev"
    source: hosted
    version: "2.1.4"
  video_player:
    dependency: transitive
    description:
      name: video_player
      sha256: "4a8c3492d734f7c39c2588a3206707a05ee80cef52e8c7f3b2078d430c84bc17"
      url: "https://pub.dev"
    source: hosted
    version: "2.9.2"
  video_player_android:
    dependency: transitive
    description:
      name: video_player_android
      sha256: "391e092ba4abe2f93b3e625bd6b6a6ec7d7414279462c1c0ee42b5ab8d0a0898"
      url: "https://pub.dev"
    source: hosted
    version: "2.7.16"
  video_player_avfoundation:
    dependency: transitive
    description:
      name: video_player_avfoundation
      sha256: "33224c19775fd244be2d6e3dbd8e1826ab162877bd61123bf71890772119a2b7"
      url: "https://pub.dev"
    source: hosted
    version: "2.6.5"
  video_player_platform_interface:
    dependency: transitive
    description:
      name: video_player_platform_interface
      sha256: "229d7642ccd9f3dc4aba169609dd6b5f3f443bb4cc15b82f7785fcada5af9bbb"
      url: "https://pub.dev"
    source: hosted
    version: "6.2.3"
  video_player_web:
    dependency: transitive
    description:
      name: video_player_web
      sha256: "881b375a934d8ebf868c7fb1423b2bfaa393a0a265fa3f733079a86536064a10"
      url: "https://pub.dev"
    source: hosted
    version: "2.3.3"
  visibility_detector:
    dependency: transitive
    description:
      name: visibility_detector
      sha256: dd5cc11e13494f432d15939c3aa8ae76844c42b723398643ce9addb88a5ed420
      url: "https://pub.dev"
    source: hosted
    version: "0.4.0+2"
  vm_service:
    dependency: transitive
    description:
      name: vm_service
      sha256: "5c5f338a667b4c644744b661f309fb8080bb94b18a7e91ef1dbd343bed00ed6d"
      url: "https://pub.dev"
    source: hosted
    version: "14.2.5"
  web:
    dependency: transitive
    description:
      name: web
      sha256: cd3543bd5798f6ad290ea73d210f423502e71900302dde696f8bff84bf89a1cb
      url: "https://pub.dev"
    source: hosted
    version: "1.1.0"
  webview_flutter:
    dependency: transitive
    description:
      name: webview_flutter
      sha256: ec81f57aa1611f8ebecf1d2259da4ef052281cb5ad624131c93546c79ccc7736
      url: "https://pub.dev"
    source: hosted
    version: "4.9.0"
  webview_flutter_android:
    dependency: transitive
    description:
      name: webview_flutter_android
      sha256: "47a8da40d02befda5b151a26dba71f47df471cddd91dfdb7802d0a87c5442558"
      url: "https://pub.dev"
    source: hosted
    version: "3.16.9"
  webview_flutter_platform_interface:
    dependency: transitive
    description:
      name: webview_flutter_platform_interface
      sha256: d937581d6e558908d7ae3dc1989c4f87b786891ab47bb9df7de548a151779d8d
      url: "https://pub.dev"
    source: hosted
    version: "2.10.0"
  webview_flutter_wkwebview:
    dependency: transitive
    description:
      name: webview_flutter_wkwebview
      sha256: "4adc14ea9a770cc9e2c8f1ac734536bd40e82615bd0fa6b94be10982de656cc7"
      url: "https://pub.dev"
    source: hosted
    version: "3.17.0"
  win32:
    dependency: transitive
    description:
      name: win32
      sha256: "154360849a56b7b67331c21f09a386562d88903f90a1099c5987afc1912e1f29"
      url: "https://pub.dev"
    source: hosted
    version: "5.10.0"
  wkt_parser:
    dependency: transitive
    description:
      name: wkt_parser
      sha256: "8a555fc60de3116c00aad67891bcab20f81a958e4219cc106e3c037aa3937f13"
      url: "https://pub.dev"
    source: hosted
    version: "2.0.0"
  xdg_directories:
    dependency: transitive
    description:
      name: xdg_directories
      sha256: "7a3f37b05d989967cdddcbb571f1ea834867ae2faa29725fd085180e0883aa15"
      url: "https://pub.dev"
    source: hosted
    version: "1.1.0"
  xml:
    dependency: transitive
    description:
      name: xml
      sha256: b015a8ad1c488f66851d762d3090a21c600e479dc75e68328c52774040cf9226
      url: "https://pub.dev"
    source: hosted
    version: "6.5.0"
  yaml:
    dependency: transitive
    description:
      name: yaml
      sha256: b9da305ac7c39faa3f030eccd175340f968459dae4af175130b3fc47e40d76ce
      url: "https://pub.dev"
    source: hosted
    version: "3.1.3"
sdks:
  dart: ">=3.5.0 <4.0.0"
  flutter: ">=3.24.0"
